// !$*UTF8*$!
{
	archiveVersion = 1;
	classes = {
	};
	objectVersion = 77;
	objects = {

/* Begin PBXBuildFile section */
		188F4C3A2D22619A004D306B /* README.md in Resources */ = {isa = PBXBuildFile; fileRef = 188F4C392D226194004D306B /* README.md */; };
/* End PBXBuildFile section */

/* Begin PBXContainerItemProxy section */
		1876C5062D21DE980009DDF6 /* PBXContainerItemProxy */ = {
			isa = PBXContainerItemProxy;
			containerPortal = 1876C4EC2D21DE960009DDF6 /* Project object */;
			proxyType = 1;
			remoteGlobalIDString = 1876C4F32D21DE960009DDF6;
			remoteInfo = "Typing Analyst";
		};
		1876C5102D21DE980009DDF6 /* PBXContainerItemProxy */ = {
			isa = PBXContainerItemProxy;
			containerPortal = 1876C4EC2D21DE960009DDF6 /* Project object */;
			proxyType = 1;
			remoteGlobalIDString = 1876C4F32D21DE960009DDF6;
			remoteInfo = "Typing Analyst";
		};
/* End PBXContainerItemProxy section */

/* Begin PBXFileReference section */
		1876C4F42D21DE960009DDF6 /* Typing Analyst.app */ = {isa = PBXFileReference; explicitFileType = wrapper.application; includeInIndex = 0; path = "Typing Analyst.app"; sourceTree = BUILT_PRODUCTS_DIR; };
		1876C5052D21DE980009DDF6 /* Typing AnalystTests.xctest */ = {isa = PBXFileReference; explicitFileType = wrapper.cfbundle; includeInIndex = 0; path = "Typing AnalystTests.xctest"; sourceTree = BUILT_PRODUCTS_DIR; };
		1876C50F2D21DE980009DDF6 /* Typing AnalystUITests.xctest */ = {isa = PBXFileReference; explicitFileType = wrapper.cfbundle; includeInIndex = 0; path = "Typing AnalystUITests.xctest"; sourceTree = BUILT_PRODUCTS_DIR; };
		188F4C392D226194004D306B /* README.md */ = {isa = PBXFileReference; lastKnownFileType = net.daringfireball.markdown; path = README.md; sourceTree = "<group>"; };
/* End PBXFileReference section */

/* Begin PBXFileSystemSynchronizedRootGroup section */
		1876C4F62D21DE960009DDF6 /* Typing Analyst */ = {
			isa = PBXFileSystemSynchronizedRootGroup;
			path = "Typing Analyst";
			sourceTree = "<group>";
		};
		1876C5082D21DE980009DDF6 /* Typing AnalystTests */ = {
			isa = PBXFileSystemSynchronizedRootGroup;
			path = "Typing AnalystTests";
			sourceTree = "<group>";
		};
		1876C5122D21DE980009DDF6 /* Typing AnalystUITests */ = {
			isa = PBXFileSystemSynchronizedRootGroup;
			path = "Typing AnalystUITests";
			sourceTree = "<group>";
		};
/* End PBXFileSystemSynchronizedRootGroup section */

/* Begin PBXFrameworksBuildPhase section */
		1876C4F12D21DE960009DDF6 /* Frameworks */ = {
			isa = PBXFrameworksBuildPhase;
			buildActionMask = 2147483647;
			files = (
			);
			runOnlyForDeploymentPostprocessing = 0;
		};
		1876C5022D21DE980009DDF6 /* Frameworks */ = {
			isa = PBXFrameworksBuildPhase;
			buildActionMask = 2147483647;
			files = (
			);
			runOnlyForDeploymentPostprocessing = 0;
		};
		1876C50C2D21DE980009DDF6 /* Frameworks */ = {
			isa = PBXFrameworksBuildPhase;
			buildActionMask = 2147483647;
			files = (
			);
			runOnlyForDeploymentPostprocessing = 0;
		};
/* End PBXFrameworksBuildPhase section */

/* Begin PBXGroup section */
		1876C4EB2D21DE960009DDF6 = {
			isa = PBXGroup;
			children = (
				188F4C392D226194004D306B /* README.md */,
				1876C4F62D21DE960009DDF6 /* Typing Analyst */,
				1876C5082D21DE980009DDF6 /* Typing AnalystTests */,
				1876C5122D21DE980009DDF6 /* Typing AnalystUITests */,
				1876C4F52D21DE960009DDF6 /* Products */,
			);
			sourceTree = "<group>";
		};
		1876C4F52D21DE960009DDF6 /* Products */ = {
			isa = PBXGroup;
			children = (
				1876C4F42D21DE960009DDF6 /* Typing Analyst.app */,
				1876C5052D21DE980009DDF6 /* Typing AnalystTests.xctest */,
				1876C50F2D21DE980009DDF6 /* Typing AnalystUITests.xctest */,
			);
			name = Products;
			sourceTree = "<group>";
		};
/* End PBXGroup section */

/* Begin PBXNativeTarget section */
		1876C4F32D21DE960009DDF6 /* Typing Analyst */ = {
			isa = PBXNativeTarget;
			buildConfigurationList = 1876C5192D21DE980009DDF6 /* Build configuration list for PBXNativeTarget "Typing Analyst" */;
			buildPhases = (
				1876C4F02D21DE960009DDF6 /* Sources */,
				1876C4F12D21DE960009DDF6 /* Frameworks */,
				1876C4F22D21DE960009DDF6 /* Resources */,
			);
			buildRules = (
			);
			dependencies = (
			);
			fileSystemSynchronizedGroups = (
				1876C4F62D21DE960009DDF6 /* Typing Analyst */,
			);
			name = "Typing Analyst";
			packageProductDependencies = (
			);
			productName = "Typing Analyst";
			productReference = 1876C4F42D21DE960009DDF6 /* Typing Analyst.app */;
			productType = "com.apple.product-type.application";
		};
		1876C5042D21DE980009DDF6 /* Typing AnalystTests */ = {
			isa = PBXNativeTarget;
			buildConfigurationList = 1876C51C2D21DE980009DDF6 /* Build configuration list for PBXNativeTarget "Typing AnalystTests" */;
			buildPhases = (
				1876C5012D21DE980009DDF6 /* Sources */,
				1876C5022D21DE980009DDF6 /* Frameworks */,
				1876C5032D21DE980009DDF6 /* Resources */,
			);
			buildRules = (
			);
			dependencies = (
				1876C5072D21DE980009DDF6 /* PBXTargetDependency */,
			);
			fileSystemSynchronizedGroups = (
				1876C5082D21DE980009DDF6 /* Typing AnalystTests */,
			);
			name = "Typing AnalystTests";
			packageProductDependencies = (
			);
			productName = "Typing AnalystTests";
			productReference = 1876C5052D21DE980009DDF6 /* Typing AnalystTests.xctest */;
			productType = "com.apple.product-type.bundle.unit-test";
		};
		1876C50E2D21DE980009DDF6 /* Typing AnalystUITests */ = {
			isa = PBXNativeTarget;
			buildConfigurationList = 1876C51F2D21DE980009DDF6 /* Build configuration list for PBXNativeTarget "Typing AnalystUITests" */;
			buildPhases = (
				1876C50B2D21DE980009DDF6 /* Sources */,
				1876C50C2D21DE980009DDF6 /* Frameworks */,
				1876C50D2D21DE980009DDF6 /* Resources */,
			);
			buildRules = (
			);
			dependencies = (
				1876C5112D21DE980009DDF6 /* PBXTargetDependency */,
			);
			fileSystemSynchronizedGroups = (
				1876C5122D21DE980009DDF6 /* Typing AnalystUITests */,
			);
			name = "Typing AnalystUITests";
			packageProductDependencies = (
			);
			productName = "Typing AnalystUITests";
			productReference = 1876C50F2D21DE980009DDF6 /* Typing AnalystUITests.xctest */;
			productType = "com.apple.product-type.bundle.ui-testing";
		};
/* End PBXNativeTarget section */

/* Begin PBXProject section */
		1876C4EC2D21DE960009DDF6 /* Project object */ = {
			isa = PBXProject;
			attributes = {
				BuildIndependentTargetsInParallel = 1;
				LastSwiftUpdateCheck = 1620;
				LastUpgradeCheck = 1620;
				TargetAttributes = {
					1876C4F32D21DE960009DDF6 = {
						CreatedOnToolsVersion = 16.2;
					};
					1876C5042D21DE980009DDF6 = {
						CreatedOnToolsVersion = 16.2;
						TestTargetID = 1876C4F32D21DE960009DDF6;
					};
					1876C50E2D21DE980009DDF6 = {
						CreatedOnToolsVersion = 16.2;
						TestTargetID = 1876C4F32D21DE960009DDF6;
					};
				};
			};
			buildConfigurationList = 1876C4EF2D21DE960009DDF6 /* Build configuration list for PBXProject "Typing Analyst" */;
			developmentRegion = en;
			hasScannedForEncodings = 0;
			knownRegions = (
				en,
				Base,
			);
			mainGroup = 1876C4EB2D21DE960009DDF6;
			minimizedProjectReferenceProxies = 1;
			preferredProjectObjectVersion = 77;
			productRefGroup = 1876C4F52D21DE960009DDF6 /* Products */;
			projectDirPath = "";
			projectRoot = "";
			targets = (
				1876C4F32D21DE960009DDF6 /* Typing Analyst */,
				1876C5042D21DE980009DDF6 /* Typing AnalystTests */,
				1876C50E2D21DE980009DDF6 /* Typing AnalystUITests */,
			);
		};
/* End PBXProject section */

/* Begin PBXResourcesBuildPhase section */
		1876C4F22D21DE960009DDF6 /* Resources */ = {
			isa = PBXResourcesBuildPhase;
			buildActionMask = 2147483647;
			files = (
				188F4C3A2D22619A004D306B /* README.md in Resources */,
			);
			runOnlyForDeploymentPostprocessing = 0;
		};
		1876C5032D21DE980009DDF6 /* Resources */ = {
			isa = PBXResourcesBuildPhase;
			buildActionMask = 2147483647;
			files = (
			);
			runOnlyForDeploymentPostprocessing = 0;
		};
		1876C50D2D21DE980009DDF6 /* Resources */ = {
			isa = PBXResourcesBuildPhase;
			buildActionMask = 2147483647;
			files = (
			);
			runOnlyForDeploymentPostprocessing = 0;
		};
/* End PBXResourcesBuildPhase section */

/* Begin PBXSourcesBuildPhase section */
		1876C4F02D21DE960009DDF6 /* Sources */ = {
			isa = PBXSourcesBuildPhase;
			buildActionMask = 2147483647;
			files = (
			);
			runOnlyForDeploymentPostprocessing = 0;
		};
		1876C5012D21DE980009DDF6 /* Sources */ = {
			isa = PBXSourcesBuildPhase;
			buildActionMask = 2147483647;
			files = (
			);
			runOnlyForDeploymentPostprocessing = 0;
		};
		1876C50B2D21DE980009DDF6 /* Sources */ = {
			isa = PBXSourcesBuildPhase;
			buildActionMask = 2147483647;
			files = (
			);
			runOnlyForDeploymentPostprocessing = 0;
		};
/* End PBXSourcesBuildPhase section */

/* Begin PBXTargetDependency section */
		1876C5072D21DE980009DDF6 /* PBXTargetDependency */ = {
			isa = PBXTargetDependency;
			target = 1876C4F32D21DE960009DDF6 /* Typing Analyst */;
			targetProxy = 1876C5062D21DE980009DDF6 /* PBXContainerItemProxy */;
		};
		1876C5112D21DE980009DDF6 /* PBXTargetDependency */ = {
			isa = PBXTargetDependency;
			target = 1876C4F32D21DE960009DDF6 /* Typing Analyst */;
			targetProxy = 1876C5102D21DE980009DDF6 /* PBXContainerItemProxy */;
		};
/* End PBXTargetDependency section */

/* Begin XCBuildConfiguration section */
		1876C5172D21DE980009DDF6 /* Debug */ = {
			isa = XCBuildConfiguration;
			buildSettings = {
				ALWAYS_SEARCH_USER_PATHS = NO;
				ASSETCATALOG_COMPILER_GENERATE_SWIFT_ASSET_SYMBOL_EXTENSIONS = YES;
				CLANG_ANALYZER_NONNULL = YES;
				CLANG_ANALYZER_NUMBER_OBJECT_CONVERSION = YES_AGGRESSIVE;
				CLANG_CXX_LANGUAGE_STANDARD = "gnu++20";
				CLANG_ENABLE_MODULES = YES;
				CLANG_ENABLE_OBJC_ARC = YES;
				CLANG_ENABLE_OBJC_WEAK = YES;
				CLANG_WARN_BLOCK_CAPTURE_AUTORELEASING = YES;
				CLANG_WARN_BOOL_CONVERSION = YES;
				CLANG_WARN_COMMA = YES;
				CLANG_WARN_CONSTANT_CONVERSION = YES;
				CLANG_WARN_DEPRECATED_OBJC_IMPLEMENTATIONS = YES;
				CLANG_WARN_DIRECT_OBJC_ISA_USAGE = YES_ERROR;
				CLANG_WARN_DOCUMENTATION_COMMENTS = YES;
				CLANG_WARN_EMPTY_BODY = YES;
				CLANG_WARN_ENUM_CONVERSION = YES;
				CLANG_WARN_INFINITE_RECURSION = YES;
				CLANG_WARN_INT_CONVERSION = YES;
				CLANG_WARN_NON_LITERAL_NULL_CONVERSION = YES;
				CLANG_WARN_OBJC_IMPLICIT_RETAIN_SELF = YES;
				CLANG_WARN_OBJC_LITERAL_CONVERSION = YES;
				CLANG_WARN_OBJC_ROOT_CLASS = YES_ERROR;
				CLANG_WARN_QUOTED_INCLUDE_IN_FRAMEWORK_HEADER = YES;
				CLANG_WARN_RANGE_LOOP_ANALYSIS = YES;
				CLANG_WARN_STRICT_PROTOTYPES = YES;
				CLANG_WARN_SUSPICIOUS_MOVE = YES;
				CLANG_WARN_UNGUARDED_AVAILABILITY = YES_AGGRESSIVE;
				CLANG_WARN_UNREACHABLE_CODE = YES;
				CLANG_WARN__DUPLICATE_METHOD_MATCH = YES;
				COPY_PHASE_STRIP = NO;
				DEBUG_INFORMATION_FORMAT = dwarf;
				ENABLE_STRICT_OBJC_MSGSEND = YES;
				ENABLE_TESTABILITY = YES;
				ENABLE_USER_SCRIPT_SANDBOXING = YES;
				GCC_C_LANGUAGE_STANDARD = gnu17;
				GCC_DYNAMIC_NO_PIC = NO;
				GCC_NO_COMMON_BLOCKS = YES;
				GCC_OPTIMIZATION_LEVEL = 0;
				GCC_PREPROCESSOR_DEFINITIONS = (
					"DEBUG=1",
					"$(inherited)",
				);
				GCC_WARN_64_TO_32_BIT_CONVERSION = YES;
				GCC_WARN_ABOUT_RETURN_TYPE = YES_ERROR;
				GCC_WARN_UNDECLARED_SELECTOR = YES;
				GCC_WARN_UNINITIALIZED_AUTOS = YES_AGGRESSIVE;
				GCC_WARN_UNUSED_FUNCTION = YES;
				GCC_WARN_UNUSED_VARIABLE = YES;
				INFOPLIST_FILE = "Typing Analyst/Info.plist";
				LOCALIZATION_PREFERS_STRING_CATALOGS = YES;
				MACOSX_DEPLOYMENT_TARGET = 15.1;
				MTL_ENABLE_DEBUG_INFO = INCLUDE_SOURCE;
				MTL_FAST_MATH = YES;
				ONLY_ACTIVE_ARCH = YES;
				SDKROOT = macosx;
				SWIFT_ACTIVE_COMPILATION_CONDITIONS = "DEBUG $(inherited)";
				SWIFT_OPTIMIZATION_LEVEL = "-Onone";
			};
			name = Debug;
		};
		1876C5182D21DE980009DDF6 /* Release */ = {
			isa = XCBuildConfiguration;
			buildSettings = {
				ALWAYS_SEARCH_USER_PATHS = NO;
				ASSETCATALOG_COMPILER_GENERATE_SWIFT_ASSET_SYMBOL_EXTENSIONS = YES;
				CLANG_ANALYZER_NONNULL = YES;
				CLANG_ANALYZER_NUMBER_OBJECT_CONVERSION = YES_AGGRESSIVE;
				CLANG_CXX_LANGUAGE_STANDARD = "gnu++20";
				CLANG_ENABLE_MODULES = YES;
				CLANG_ENABLE_OBJC_ARC = YES;
				CLANG_ENABLE_OBJC_WEAK = YES;
				CLANG_WARN_BLOCK_CAPTURE_AUTORELEASING = YES;
				CLANG_WARN_BOOL_CONVERSION = YES;
				CLANG_WARN_COMMA = YES;
				CLANG_WARN_CONSTANT_CONVERSION = YES;
				CLANG_WARN_DEPRECATED_OBJC_IMPLEMENTATIONS = YES;
				CLANG_WARN_DIRECT_OBJC_ISA_USAGE = YES_ERROR;
				CLANG_WARN_DOCUMENTATION_COMMENTS = YES;
				CLANG_WARN_EMPTY_BODY = YES;
				CLANG_WARN_ENUM_CONVERSION = YES;
				CLANG_WARN_INFINITE_RECURSION = YES;
				CLANG_WARN_INT_CONVERSION = YES;
				CLANG_WARN_NON_LITERAL_NULL_CONVERSION = YES;
				CLANG_WARN_OBJC_IMPLICIT_RETAIN_SELF = YES;
				CLANG_WARN_OBJC_LITERAL_CONVERSION = YES;
				CLANG_WARN_OBJC_ROOT_CLASS = YES_ERROR;
				CLANG_WARN_QUOTED_INCLUDE_IN_FRAMEWORK_HEADER = YES;
				CLANG_WARN_RANGE_LOOP_ANALYSIS = YES;
				CLANG_WARN_STRICT_PROTOTYPES = YES;
				CLANG_WARN_SUSPICIOUS_MOVE = YES;
				CLANG_WARN_UNGUARDED_AVAILABILITY = YES_AGGRESSIVE;
				CLANG_WARN_UNREACHABLE_CODE = YES;
				CLANG_WARN__DUPLICATE_METHOD_MATCH = YES;
				COPY_PHASE_STRIP = NO;
				DEBUG_INFORMATION_FORMAT = "dwarf-with-dsym";
				ENABLE_NS_ASSERTIONS = NO;
				ENABLE_STRICT_OBJC_MSGSEND = YES;
				ENABLE_USER_SCRIPT_SANDBOXING = YES;
				GCC_C_LANGUAGE_STANDARD = gnu17;
				GCC_NO_COMMON_BLOCKS = YES;
				GCC_WARN_64_TO_32_BIT_CONVERSION = YES;
				GCC_WARN_ABOUT_RETURN_TYPE = YES_ERROR;
				GCC_WARN_UNDECLARED_SELECTOR = YES;
				GCC_WARN_UNINITIALIZED_AUTOS = YES_AGGRESSIVE;
				GCC_WARN_UNUSED_FUNCTION = YES;
				GCC_WARN_UNUSED_VARIABLE = YES;
				INFOPLIST_FILE = "Typing Analyst/Info.plist";
				LOCALIZATION_PREFERS_STRING_CATALOGS = YES;
				MACOSX_DEPLOYMENT_TARGET = 15.1;
				MTL_ENABLE_DEBUG_INFO = NO;
				MTL_FAST_MATH = YES;
				SDKROOT = macosx;
				SWIFT_COMPILATION_MODE = wholemodule;
			};
			name = Release;
		};
		1876C51A2D21DE980009DDF6 /* Debug */ = {
			isa = XCBuildConfiguration;
			buildSettings = {
				ASSETCATALOG_COMPILER_APPICON_NAME = AppIcon;
				ASSETCATALOG_COMPILER_GLOBAL_ACCENT_COLOR_NAME = AccentColor;
				CODE_SIGN_ENTITLEMENTS = "Typing Analyst/Typing_Analyst.entitlements";
				"CODE_SIGN_IDENTITY[sdk=macosx*]" = "Apple Development";
				CODE_SIGN_STYLE = Automatic;
				COMBINE_HIDPI_IMAGES = YES;
				CURRENT_PROJECT_VERSION = 1;
				DEVELOPMENT_ASSET_PATHS = "\"Typing Analyst/Preview Content\"";
				DEVELOPMENT_TEAM = T9P6S8C3K7;
				ENABLE_HARDENED_RUNTIME = YES;
				ENABLE_PREVIEWS = YES;
				GENERATE_INFOPLIST_FILE = YES;
				INFOPLIST_KEY_CFBundleDisplayName = "Typing Analyst";
				INFOPLIST_KEY_LSApplicationCategoryType = "public.app-category.productivity";
				INFOPLIST_KEY_NSHumanReadableCopyright = "";
				INFOPLIST_KEY_NSMainStoryboardFile = Main;
				INFOPLIST_KEY_NSPrincipalClass = NSApplication;
				LD_RUNPATH_SEARCH_PATHS = (
					"$(inherited)",
					"@executable_path/../Frameworks",
				);
				MACOSX_DEPLOYMENT_TARGET = 14.6;
				MARKETING_VERSION = 1.0;
				PRODUCT_BUNDLE_IDENTIFIER = "avikalp.Typing-Analyst";
				PRODUCT_NAME = "$(TARGET_NAME)";
				SWIFT_EMIT_LOC_STRINGS = YES;
				SWIFT_VERSION = 5.0;
			};
			name = Debug;
		};
		1876C51B2D21DE980009DDF6 /* Release */ = {
			isa = XCBuildConfiguration;
			buildSettings = {
				ASSETCATALOG_COMPILER_APPICON_NAME = AppIcon;
				ASSETCATALOG_COMPILER_GLOBAL_ACCENT_COLOR_NAME = AccentColor;
				CODE_SIGN_ENTITLEMENTS = "Typing Analyst/Typing_Analyst.entitlements";
				"CODE_SIGN_IDENTITY[sdk=macosx*]" = "Apple Development";
				CODE_SIGN_STYLE = Automatic;
				COMBINE_HIDPI_IMAGES = YES;
				CURRENT_PROJECT_VERSION = 1;
				DEVELOPMENT_ASSET_PATHS = "\"Typing Analyst/Preview Content\"";
				DEVELOPMENT_TEAM = T9P6S8C3K7;
				ENABLE_HARDENED_RUNTIME = YES;
				ENABLE_PREVIEWS = YES;
				GENERATE_INFOPLIST_FILE = YES;
				INFOPLIST_KEY_CFBundleDisplayName = "Typing Analyst";
				INFOPLIST_KEY_LSApplicationCategoryType = "public.app-category.productivity";
				INFOPLIST_KEY_NSHumanReadableCopyright = "";
				INFOPLIST_KEY_NSMainStoryboardFile = Main;
				INFOPLIST_KEY_NSPrincipalClass = NSApplication;
				LD_RUNPATH_SEARCH_PATHS = (
					"$(inherited)",
					"@executable_path/../Frameworks",
				);
				MACOSX_DEPLOYMENT_TARGET = 14.6;
				MARKETING_VERSION = 1.0;
				PRODUCT_BUNDLE_IDENTIFIER = "avikalp.Typing-Analyst";
				PRODUCT_NAME = "$(TARGET_NAME)";
				SWIFT_EMIT_LOC_STRINGS = YES;
				SWIFT_VERSION = 5.0;
			};
			name = Release;
		};
		1876C51D2D21DE980009DDF6 /* Debug */ = {
			isa = XCBuildConfiguration;
			buildSettings = {
				BUNDLE_LOADER = "$(TEST_HOST)";
				CODE_SIGN_STYLE = Automatic;
				CURRENT_PROJECT_VERSION = 1;
				DEVELOPMENT_TEAM = T9P6S8C3K7;
				GENERATE_INFOPLIST_FILE = YES;
				MACOSX_DEPLOYMENT_TARGET = 15.1;
				MARKETING_VERSION = 1.0;
				PRODUCT_BUNDLE_IDENTIFIER = "avikalp.Typing-AnalystTests";
				PRODUCT_NAME = "$(TARGET_NAME)";
				SWIFT_EMIT_LOC_STRINGS = NO;
				SWIFT_VERSION = 5.0;
				TEST_HOST = "$(BUILT_PRODUCTS_DIR)/Typing Analyst.app/$(BUNDLE_EXECUTABLE_FOLDER_PATH)/Typing Analyst";
			};
			name = Debug;
		};
		1876C51E2D21DE980009DDF6 /* Release */ = {
			isa = XCBuildConfiguration;
			buildSettings = {
				BUNDLE_LOADER = "$(TEST_HOST)";
				CODE_SIGN_STYLE = Automatic;
				CURRENT_PROJECT_VERSION = 1;
				DEVELOPMENT_TEAM = T9P6S8C3K7;
				GENERATE_INFOPLIST_FILE = YES;
				MACOSX_DEPLOYMENT_TARGET = 15.1;
				MARKETING_VERSION = 1.0;
				PRODUCT_BUNDLE_IDENTIFIER = "avikalp.Typing-AnalystTests";
				PRODUCT_NAME = "$(TARGET_NAME)";
				SWIFT_EMIT_LOC_STRINGS = NO;
				SWIFT_VERSION = 5.0;
				TEST_HOST = "$(BUILT_PRODUCTS_DIR)/Typing Analyst.app/$(BUNDLE_EXECUTABLE_FOLDER_PATH)/Typing Analyst";
			};
			name = Release;
		};
		1876C5202D21DE980009DDF6 /* Debug */ = {
			isa = XCBuildConfiguration;
			buildSettings = {
				CODE_SIGN_STYLE = Automatic;
				CURRENT_PROJECT_VERSION = 1;
				DEVELOPMENT_TEAM = T9P6S8C3K7;
				GENERATE_INFOPLIST_FILE = YES;
				MARKETING_VERSION = 1.0;
				PRODUCT_BUNDLE_IDENTIFIER = "avikalp.Typing-AnalystUITests";
				PRODUCT_NAME = "$(TARGET_NAME)";
				SWIFT_EMIT_LOC_STRINGS = NO;
				SWIFT_VERSION = 5.0;
				TEST_TARGET_NAME = "Typing Analyst";
			};
			name = Debug;
		};
		1876C5212D21DE980009DDF6 /* Release */ = {
			isa = XCBuildConfiguration;
			buildSettings = {
				CODE_SIGN_STYLE = Automatic;
				CURRENT_PROJECT_VERSION = 1;
				DEVELOPMENT_TEAM = T9P6S8C3K7;
				GENERATE_INFOPLIST_FILE = YES;
				MARKETING_VERSION = 1.0;
				PRODUCT_BUNDLE_IDENTIFIER = "avikalp.Typing-AnalystUITests";
				PRODUCT_NAME = "$(TARGET_NAME)";
				SWIFT_EMIT_LOC_STRINGS = NO;
				SWIFT_VERSION = 5.0;
				TEST_TARGET_NAME = "Typing Analyst";
			};
			name = Release;
		};
/* End XCBuildConfiguration section */

/* Begin XCConfigurationList section */
		1876C4EF2D21DE960009DDF6 /* Build configuration list for PBXProject "Typing Analyst" */ = {
			isa = XCConfigurationList;
			buildConfigurations = (
				1876C5172D21DE980009DDF6 /* Debug */,
				1876C5182D21DE980009DDF6 /* Release */,
			);
			defaultConfigurationIsVisible = 0;
			defaultConfigurationName = Release;
		};
		1876C5192D21DE980009DDF6 /* Build configuration list for PBXNativeTarget "Typing Analyst" */ = {
			isa = XCConfigurationList;
			buildConfigurations = (
				1876C51A2D21DE980009DDF6 /* Debug */,
				1876C51B2D21DE980009DDF6 /* Release */,
			);
			defaultConfigurationIsVisible = 0;
			defaultConfigurationName = Release;
		};
		1876C51C2D21DE980009DDF6 /* Build configuration list for PBXNativeTarget "Typing AnalystTests" */ = {
			isa = XCConfigurationList;
			buildConfigurations = (
				1876C51D2D21DE980009DDF6 /* Debug */,
				1876C51E2D21DE980009DDF6 /* Release */,
			);
			defaultConfigurationIsVisible = 0;
			defaultConfigurationName = Release;
		};
		1876C51F2D21DE980009DDF6 /* Build configuration list for PBXNativeTarget "Typing AnalystUITests" */ = {
			isa = XCConfigurationList;
			buildConfigurations = (
				1876C5202D21DE980009DDF6 /* Debug */,
				1876C5212D21DE980009DDF6 /* Release */,
			);
			defaultConfigurationIsVisible = 0;
			defaultConfigurationName = Release;
		};
/* End XCConfigurationList section */
	};
	rootObject = 1876C4EC2D21DE960009DDF6 /* Project object */;
}
